// !$*UTF8*$!
{
	archiveVersion = 1;
	classes = {
	};
	objectVersion = 55;
	objects = {

/* Begin PBXBuildFile section */
		84EC111E288888B200AFA6DD /* AppDelegate.swift in Sources */ = {isa = PBXBuildFile; fileRef = 84EC111D288888B200AFA6DD /* AppDelegate.swift */; };
		84EC1122288888B200AFA6DD /* MoviesListViewController.swift in Sources */ = {isa = PBXBuildFile; fileRef = 84EC1121288888B200AFA6DD /* MoviesListViewController.swift */; };
		84EC1125288888B200AFA6DD /* Main.storyboard in Resources */ = {isa = PBXBuildFile; fileRef = 84EC1123288888B200AFA6DD /* Main.storyboard */; };
		84EC1127288888B400AFA6DD /* Assets.xcassets in Resources */ = {isa = PBXBuildFile; fileRef = 84EC1126288888B400AFA6DD /* Assets.xcassets */; };
		84EC112A288888B400AFA6DD /* LaunchScreen.storyboard in Resources */ = {isa = PBXBuildFile; fileRef = 84EC1128288888B400AFA6DD /* LaunchScreen.storyboard */; };
		84EC113328888EE700AFA6DD /* MoviesList.swift in Sources */ = {isa = PBXBuildFile; fileRef = 84EC113228888EE700AFA6DD /* MoviesList.swift */; };
		84EC113528888FED00AFA6DD /* MovieDetail.swift in Sources */ = {isa = PBXBuildFile; fileRef = 84EC113428888FED00AFA6DD /* MovieDetail.swift */; };
		84EC1138288892DF00AFA6DD /* CoordinatorProtocol.swift in Sources */ = {isa = PBXBuildFile; fileRef = 84EC1137288892DF00AFA6DD /* CoordinatorProtocol.swift */; };
		84EC113A2888935700AFA6DD /* MainCoordinator.swift in Sources */ = {isa = PBXBuildFile; fileRef = 84EC11392888935700AFA6DD /* MainCoordinator.swift */; };
		84EC113C288894B700AFA6DD /* StoryboardedProtocol.swift in Sources */ = {isa = PBXBuildFile; fileRef = 84EC113B288894B700AFA6DD /* StoryboardedProtocol.swift */; };
		84EC113E2888A0C800AFA6DD /* MovieDetailViewController.swift in Sources */ = {isa = PBXBuildFile; fileRef = 84EC113D2888A0C800AFA6DD /* MovieDetailViewController.swift */; };
		84EC11422888A51200AFA6DD /* NetworkManager.swift in Sources */ = {isa = PBXBuildFile; fileRef = 84EC11412888A51200AFA6DD /* NetworkManager.swift */; };
		84EC11462888A57200AFA6DD /* NetworkConfig.swift in Sources */ = {isa = PBXBuildFile; fileRef = 84EC11452888A57200AFA6DD /* NetworkConfig.swift */; };
		84EC114C2888AA5200AFA6DD /* MovieTableViewCell.swift in Sources */ = {isa = PBXBuildFile; fileRef = 84EC114A2888AA5200AFA6DD /* MovieTableViewCell.swift */; };
		84EC114D2888AA5200AFA6DD /* MovieTableViewCell.xib in Resources */ = {isa = PBXBuildFile; fileRef = 84EC114B2888AA5200AFA6DD /* MovieTableViewCell.xib */; };
		84EC114F2889E27D00AFA6DD /* NetworkManagerProtocol.swift in Sources */ = {isa = PBXBuildFile; fileRef = 84EC114E2889E27D00AFA6DD /* NetworkManagerProtocol.swift */; };
		84EC11542889E35700AFA6DD /* MoviesListInteractor.swift in Sources */ = {isa = PBXBuildFile; fileRef = 84EC11532889E35700AFA6DD /* MoviesListInteractor.swift */; };
		84EC11562889E37E00AFA6DD /* MoviesListPresenter.swift in Sources */ = {isa = PBXBuildFile; fileRef = 84EC11552889E37E00AFA6DD /* MoviesListPresenter.swift */; };
		84EC11582889E49100AFA6DD /* MovieDetailInteractor.swift in Sources */ = {isa = PBXBuildFile; fileRef = 84EC11572889E49100AFA6DD /* MovieDetailInteractor.swift */; };
		84EC115A2889E4A000AFA6DD /* MovieDetailPresenter.swift in Sources */ = {isa = PBXBuildFile; fileRef = 84EC11592889E4A000AFA6DD /* MovieDetailPresenter.swift */; };
		BB55DA879861A34AA35D0498 /* Pods_MoviesInfo.framework in Frameworks */ = {isa = PBXBuildFile; fileRef = 4A450EE3F1A647F8875C9DB7 /* Pods_MoviesInfo.framework */; };
/* End PBXBuildFile section */

/* Begin PBXFileReference section */
		477E670EFD38FDB748DBCC4C /* Pods-MoviesInfo.debug.xcconfig */ = {isa = PBXFileReference; includeInIndex = 1; lastKnownFileType = text.xcconfig; name = "Pods-MoviesInfo.debug.xcconfig"; path = "Target Support Files/Pods-MoviesInfo/Pods-MoviesInfo.debug.xcconfig"; sourceTree = "<group>"; };
		4A450EE3F1A647F8875C9DB7 /* Pods_MoviesInfo.framework */ = {isa = PBXFileReference; explicitFileType = wrapper.framework; includeInIndex = 0; path = Pods_MoviesInfo.framework; sourceTree = BUILT_PRODUCTS_DIR; };
		84EC111A288888B200AFA6DD /* MoviesInfo.app */ = {isa = PBXFileReference; explicitFileType = wrapper.application; includeInIndex = 0; path = MoviesInfo.app; sourceTree = BUILT_PRODUCTS_DIR; };
		84EC111D288888B200AFA6DD /* AppDelegate.swift */ = {isa = PBXFileReference; lastKnownFileType = sourcecode.swift; path = AppDelegate.swift; sourceTree = "<group>"; };
		84EC1121288888B200AFA6DD /* MoviesListViewController.swift */ = {isa = PBXFileReference; lastKnownFileType = sourcecode.swift; path = MoviesListViewController.swift; sourceTree = "<group>"; };
		84EC1124288888B200AFA6DD /* Base */ = {isa = PBXFileReference; lastKnownFileType = file.storyboard; name = Base; path = Base.lproj/Main.storyboard; sourceTree = "<group>"; };
		84EC1126288888B400AFA6DD /* Assets.xcassets */ = {isa = PBXFileReference; lastKnownFileType = folder.assetcatalog; path = Assets.xcassets; sourceTree = "<group>"; };
		84EC1129288888B400AFA6DD /* Base */ = {isa = PBXFileReference; lastKnownFileType = file.storyboard; name = Base; path = Base.lproj/LaunchScreen.storyboard; sourceTree = "<group>"; };
		84EC112B288888B400AFA6DD /* Info.plist */ = {isa = PBXFileReference; lastKnownFileType = text.plist.xml; path = Info.plist; sourceTree = "<group>"; };
		84EC113228888EE700AFA6DD /* MoviesList.swift */ = {isa = PBXFileReference; lastKnownFileType = sourcecode.swift; path = MoviesList.swift; sourceTree = "<group>"; };
		84EC113428888FED00AFA6DD /* MovieDetail.swift */ = {isa = PBXFileReference; lastKnownFileType = sourcecode.swift; path = MovieDetail.swift; sourceTree = "<group>"; };
		84EC1137288892DF00AFA6DD /* CoordinatorProtocol.swift */ = {isa = PBXFileReference; lastKnownFileType = sourcecode.swift; path = CoordinatorProtocol.swift; sourceTree = "<group>"; };
		84EC11392888935700AFA6DD /* MainCoordinator.swift */ = {isa = PBXFileReference; lastKnownFileType = sourcecode.swift; path = MainCoordinator.swift; sourceTree = "<group>"; };
		84EC113B288894B700AFA6DD /* StoryboardedProtocol.swift */ = {isa = PBXFileReference; lastKnownFileType = sourcecode.swift; path = StoryboardedProtocol.swift; sourceTree = "<group>"; };
		84EC113D2888A0C800AFA6DD /* MovieDetailViewController.swift */ = {isa = PBXFileReference; lastKnownFileType = sourcecode.swift; path = MovieDetailViewController.swift; sourceTree = "<group>"; };
		84EC11412888A51200AFA6DD /* NetworkManager.swift */ = {isa = PBXFileReference; lastKnownFileType = sourcecode.swift; path = NetworkManager.swift; sourceTree = "<group>"; };
		84EC11452888A57200AFA6DD /* NetworkConfig.swift */ = {isa = PBXFileReference; lastKnownFileType = sourcecode.swift; path = NetworkConfig.swift; sourceTree = "<group>"; };
		84EC114A2888AA5200AFA6DD /* MovieTableViewCell.swift */ = {isa = PBXFileReference; lastKnownFileType = sourcecode.swift; path = MovieTableViewCell.swift; sourceTree = "<group>"; };
		84EC114B2888AA5200AFA6DD /* MovieTableViewCell.xib */ = {isa = PBXFileReference; lastKnownFileType = file.xib; path = MovieTableViewCell.xib; sourceTree = "<group>"; };
		84EC114E2889E27D00AFA6DD /* NetworkManagerProtocol.swift */ = {isa = PBXFileReference; lastKnownFileType = sourcecode.swift; path = NetworkManagerProtocol.swift; sourceTree = "<group>"; };
		84EC11532889E35700AFA6DD /* MoviesListInteractor.swift */ = {isa = PBXFileReference; lastKnownFileType = sourcecode.swift; path = MoviesListInteractor.swift; sourceTree = "<group>"; };
		84EC11552889E37E00AFA6DD /* MoviesListPresenter.swift */ = {isa = PBXFileReference; lastKnownFileType = sourcecode.swift; path = MoviesListPresenter.swift; sourceTree = "<group>"; };
		84EC11572889E49100AFA6DD /* MovieDetailInteractor.swift */ = {isa = PBXFileReference; lastKnownFileType = sourcecode.swift; path = MovieDetailInteractor.swift; sourceTree = "<group>"; };
		84EC11592889E4A000AFA6DD /* MovieDetailPresenter.swift */ = {isa = PBXFileReference; lastKnownFileType = sourcecode.swift; path = MovieDetailPresenter.swift; sourceTree = "<group>"; };
		EF8A2C213409539CDD385FB9 /* Pods-MoviesInfo.release.xcconfig */ = {isa = PBXFileReference; includeInIndex = 1; lastKnownFileType = text.xcconfig; name = "Pods-MoviesInfo.release.xcconfig"; path = "Target Support Files/Pods-MoviesInfo/Pods-MoviesInfo.release.xcconfig"; sourceTree = "<group>"; };
/* End PBXFileReference section */

/* Begin PBXFrameworksBuildPhase section */
		84EC1117288888B200AFA6DD /* Frameworks */ = {
			isa = PBXFrameworksBuildPhase;
			buildActionMask = 2147483647;
			files = (
				BB55DA879861A34AA35D0498 /* Pods_MoviesInfo.framework in Frameworks */,
			);
			runOnlyForDeploymentPostprocessing = 0;
		};
/* End PBXFrameworksBuildPhase section */

/* Begin PBXGroup section */
		84EC1111288888B200AFA6DD = {
			isa = PBXGroup;
			children = (
				84EC111C288888B200AFA6DD /* MoviesInfo */,
				84EC111B288888B200AFA6DD /* Products */,
				D1639EBD93872D8C73340FF3 /* Pods */,
				A7E5A6235F03891DB53B19C8 /* Frameworks */,
			);
			sourceTree = "<group>";
		};
		84EC111B288888B200AFA6DD /* Products */ = {
			isa = PBXGroup;
			children = (
				84EC111A288888B200AFA6DD /* MoviesInfo.app */,
			);
			name = Products;
			sourceTree = "<group>";
		};
		84EC111C288888B200AFA6DD /* MoviesInfo */ = {
			isa = PBXGroup;
			children = (
				84EC111D288888B200AFA6DD /* AppDelegate.swift */,
				84EC1136288892AA00AFA6DD /* Tools */,
				84EC113128888C8500AFA6DD /* Models */,
				84EC11472888A94A00AFA6DD /* Views */,
				84EC11502889E2D200AFA6DD /* Scenes */,
				84EC1123288888B200AFA6DD /* Main.storyboard */,
				84EC1128288888B400AFA6DD /* LaunchScreen.storyboard */,
				84EC1126288888B400AFA6DD /* Assets.xcassets */,
				84EC112B288888B400AFA6DD /* Info.plist */,
			);
			path = MoviesInfo;
			sourceTree = "<group>";
		};
		84EC113128888C8500AFA6DD /* Models */ = {
			isa = PBXGroup;
			children = (
				84EC113228888EE700AFA6DD /* MoviesList.swift */,
				84EC113428888FED00AFA6DD /* MovieDetail.swift */,
			);
			path = Models;
			sourceTree = "<group>";
		};
		84EC1136288892AA00AFA6DD /* Tools */ = {
			isa = PBXGroup;
			children = (
				84EC11432888A52000AFA6DD /* Protocols */,
				84EC113F2888A4F700AFA6DD /* Networking */,
				84EC11392888935700AFA6DD /* MainCoordinator.swift */,
			);
			path = Tools;
			sourceTree = "<group>";
		};
		84EC113F2888A4F700AFA6DD /* Networking */ = {
			isa = PBXGroup;
			children = (
				84EC11412888A51200AFA6DD /* NetworkManager.swift */,
				84EC11452888A57200AFA6DD /* NetworkConfig.swift */,
			);
			path = Networking;
			sourceTree = "<group>";
		};
		84EC11432888A52000AFA6DD /* Protocols */ = {
			isa = PBXGroup;
			children = (
				84EC1137288892DF00AFA6DD /* CoordinatorProtocol.swift */,
				84EC113B288894B700AFA6DD /* StoryboardedProtocol.swift */,
				84EC114E2889E27D00AFA6DD /* NetworkManagerProtocol.swift */,
			);
			path = Protocols;
			sourceTree = "<group>";
		};
		84EC11472888A94A00AFA6DD /* Views */ = {
			isa = PBXGroup;
			children = (
				84EC11492888AA2F00AFA6DD /* MovieCell */,
			);
			path = Views;
			sourceTree = "<group>";
		};
		84EC11492888AA2F00AFA6DD /* MovieCell */ = {
			isa = PBXGroup;
			children = (
				84EC114A2888AA5200AFA6DD /* MovieTableViewCell.swift */,
				84EC114B2888AA5200AFA6DD /* MovieTableViewCell.xib */,
			);
			path = MovieCell;
			sourceTree = "<group>";
		};
		84EC11502889E2D200AFA6DD /* Scenes */ = {
			isa = PBXGroup;
			children = (
				84EC11512889E2DC00AFA6DD /* MoviesList */,
				84EC11522889E2E400AFA6DD /* MovieDetail */,
			);
			path = Scenes;
			sourceTree = "<group>";
		};
		84EC11512889E2DC00AFA6DD /* MoviesList */ = {
			isa = PBXGroup;
			children = (
				84EC1121288888B200AFA6DD /* MoviesListViewController.swift */,
				84EC11532889E35700AFA6DD /* MoviesListInteractor.swift */,
				84EC11552889E37E00AFA6DD /* MoviesListPresenter.swift */,
			);
			path = MoviesList;
			sourceTree = "<group>";
		};
		84EC11522889E2E400AFA6DD /* MovieDetail */ = {
			isa = PBXGroup;
			children = (
				84EC113D2888A0C800AFA6DD /* MovieDetailViewController.swift */,
				84EC11572889E49100AFA6DD /* MovieDetailInteractor.swift */,
				84EC11592889E4A000AFA6DD /* MovieDetailPresenter.swift */,
			);
			path = MovieDetail;
			sourceTree = "<group>";
		};
		A7E5A6235F03891DB53B19C8 /* Frameworks */ = {
			isa = PBXGroup;
			children = (
				4A450EE3F1A647F8875C9DB7 /* Pods_MoviesInfo.framework */,
			);
			name = Frameworks;
			sourceTree = "<group>";
		};
		D1639EBD93872D8C73340FF3 /* Pods */ = {
			isa = PBXGroup;
			children = (
				477E670EFD38FDB748DBCC4C /* Pods-MoviesInfo.debug.xcconfig */,
				EF8A2C213409539CDD385FB9 /* Pods-MoviesInfo.release.xcconfig */,
			);
			path = Pods;
			sourceTree = "<group>";
		};
/* End PBXGroup section */

/* Begin PBXNativeTarget section */
		84EC1119288888B200AFA6DD /* MoviesInfo */ = {
			isa = PBXNativeTarget;
			buildConfigurationList = 84EC112E288888B400AFA6DD /* Build configuration list for PBXNativeTarget "MoviesInfo" */;
			buildPhases = (
				89F11FD807F7340DE65301AD /* [CP] Check Pods Manifest.lock */,
				84EC1116288888B200AFA6DD /* Sources */,
				84EC1117288888B200AFA6DD /* Frameworks */,
				84EC1118288888B200AFA6DD /* Resources */,
				0DD3750B68383B4BACA795CF /* [CP] Embed Pods Frameworks */,
			);
			buildRules = (
			);
			dependencies = (
			);
			name = MoviesInfo;
			productName = MoviesInfo;
			productReference = 84EC111A288888B200AFA6DD /* MoviesInfo.app */;
			productType = "com.apple.product-type.application";
		};
/* End PBXNativeTarget section */

/* Begin PBXProject section */
		84EC1112288888B200AFA6DD /* Project object */ = {
			isa = PBXProject;
			attributes = {
				BuildIndependentTargetsInParallel = 1;
				LastSwiftUpdateCheck = 1320;
				LastUpgradeCheck = 1320;
				TargetAttributes = {
					84EC1119288888B200AFA6DD = {
						CreatedOnToolsVersion = 13.2.1;
					};
				};
			};
			buildConfigurationList = 84EC1115288888B200AFA6DD /* Build configuration list for PBXProject "MoviesInfo" */;
			compatibilityVersion = "Xcode 13.0";
			developmentRegion = en;
			hasScannedForEncodings = 0;
			knownRegions = (
				en,
				Base,
			);
			mainGroup = 84EC1111288888B200AFA6DD;
			productRefGroup = 84EC111B288888B200AFA6DD /* Products */;
			projectDirPath = "";
			projectRoot = "";
			targets = (
				84EC1119288888B200AFA6DD /* MoviesInfo */,
			);
		};
/* End PBXProject section */

/* Begin PBXResourcesBuildPhase section */
		84EC1118288888B200AFA6DD /* Resources */ = {
			isa = PBXResourcesBuildPhase;
			buildActionMask = 2147483647;
			files = (
				84EC112A288888B400AFA6DD /* LaunchScreen.storyboard in Resources */,
				84EC1127288888B400AFA6DD /* Assets.xcassets in Resources */,
				84EC114D2888AA5200AFA6DD /* MovieTableViewCell.xib in Resources */,
				84EC1125288888B200AFA6DD /* Main.storyboard in Resources */,
			);
			runOnlyForDeploymentPostprocessing = 0;
		};
/* End PBXResourcesBuildPhase section */

/* Begin PBXShellScriptBuildPhase section */
		0DD3750B68383B4BACA795CF /* [CP] Embed Pods Frameworks */ = {
			isa = PBXShellScriptBuildPhase;
			buildActionMask = 2147483647;
			files = (
			);
			inputFileListPaths = (
				"${PODS_ROOT}/Target Support Files/Pods-MoviesInfo/Pods-MoviesInfo-frameworks-${CONFIGURATION}-input-files.xcfilelist",
			);
			name = "[CP] Embed Pods Frameworks";
			outputFileListPaths = (
				"${PODS_ROOT}/Target Support Files/Pods-MoviesInfo/Pods-MoviesInfo-frameworks-${CONFIGURATION}-output-files.xcfilelist",
			);
			runOnlyForDeploymentPostprocessing = 0;
			shellPath = /bin/sh;
			shellScript = "\"${PODS_ROOT}/Target Support Files/Pods-MoviesInfo/Pods-MoviesInfo-frameworks.sh\"\n";
			showEnvVarsInLog = 0;
		};
		89F11FD807F7340DE65301AD /* [CP] Check Pods Manifest.lock */ = {
			isa = PBXShellScriptBuildPhase;
			buildActionMask = 2147483647;
			files = (
			);
			inputFileListPaths = (
			);
			inputPaths = (
				"${PODS_PODFILE_DIR_PATH}/Podfile.lock",
				"${PODS_ROOT}/Manifest.lock",
			);
			name = "[CP] Check Pods Manifest.lock";
			outputFileListPaths = (
			);
			outputPaths = (
				"$(DERIVED_FILE_DIR)/Pods-MoviesInfo-checkManifestLockResult.txt",
			);
			runOnlyForDeploymentPostprocessing = 0;
			shellPath = /bin/sh;
			shellScript = "diff \"${PODS_PODFILE_DIR_PATH}/Podfile.lock\" \"${PODS_ROOT}/Manifest.lock\" > /dev/null\nif [ $? != 0 ] ; then\n    # print error to STDERR\n    echo \"error: The sandbox is not in sync with the Podfile.lock. Run 'pod install' or update your CocoaPods installation.\" >&2\n    exit 1\nfi\n# This output is used by Xcode 'outputs' to avoid re-running this script phase.\necho \"SUCCESS\" > \"${SCRIPT_OUTPUT_FILE_0}\"\n";
			showEnvVarsInLog = 0;
		};
/* End PBXShellScriptBuildPhase section */

/* Begin PBXSourcesBuildPhase section */
		84EC1116288888B200AFA6DD /* Sources */ = {
			isa = PBXSourcesBuildPhase;
			buildActionMask = 2147483647;
			files = (
				84EC115A2889E4A000AFA6DD /* MovieDetailPresenter.swift in Sources */,
				84EC11422888A51200AFA6DD /* NetworkManager.swift in Sources */,
				84EC1122288888B200AFA6DD /* MoviesListViewController.swift in Sources */,
				84EC113C288894B700AFA6DD /* StoryboardedProtocol.swift in Sources */,
				84EC11562889E37E00AFA6DD /* MoviesListPresenter.swift in Sources */,
				84EC11542889E35700AFA6DD /* MoviesListInteractor.swift in Sources */,
				84EC11582889E49100AFA6DD /* MovieDetailInteractor.swift in Sources */,
				84EC113A2888935700AFA6DD /* MainCoordinator.swift in Sources */,
				84EC111E288888B200AFA6DD /* AppDelegate.swift in Sources */,
				84EC113E2888A0C800AFA6DD /* MovieDetailViewController.swift in Sources */,
				84EC11462888A57200AFA6DD /* NetworkConfig.swift in Sources */,
				84EC113528888FED00AFA6DD /* MovieDetail.swift in Sources */,
				84EC113328888EE700AFA6DD /* MoviesList.swift in Sources */,
				84EC114C2888AA5200AFA6DD /* MovieTableViewCell.swift in Sources */,
				84EC114F2889E27D00AFA6DD /* NetworkManagerProtocol.swift in Sources */,
				84EC1138288892DF00AFA6DD /* CoordinatorProtocol.swift in Sources */,
			);
			runOnlyForDeploymentPostprocessing = 0;
		};
/* End PBXSourcesBuildPhase section */

/* Begin PBXVariantGroup section */
		84EC1123288888B200AFA6DD /* Main.storyboard */ = {
			isa = PBXVariantGroup;
			children = (
				84EC1124288888B200AFA6DD /* Base */,
			);
			name = Main.storyboard;
			sourceTree = "<group>";
		};
		84EC1128288888B400AFA6DD /* LaunchScreen.storyboard */ = {
			isa = PBXVariantGroup;
			children = (
				84EC1129288888B400AFA6DD /* Base */,
			);
			name = LaunchScreen.storyboard;
			sourceTree = "<group>";
		};
/* End PBXVariantGroup section */

/* Begin XCBuildConfiguration section */
		84EC112C288888B400AFA6DD /* Debug */ = {
			isa = XCBuildConfiguration;
			buildSettings = {
				ALWAYS_SEARCH_USER_PATHS = NO;
				CLANG_ANALYZER_NONNULL = YES;
				CLANG_ANALYZER_NUMBER_OBJECT_CONVERSION = YES_AGGRESSIVE;
				CLANG_CXX_LANGUAGE_STANDARD = "gnu++17";
				CLANG_CXX_LIBRARY = "libc++";
				CLANG_ENABLE_MODULES = YES;
				CLANG_ENABLE_OBJC_ARC = YES;
				CLANG_ENABLE_OBJC_WEAK = YES;
				CLANG_WARN_BLOCK_CAPTURE_AUTORELEASING = YES;
				CLANG_WARN_BOOL_CONVERSION = YES;
				CLANG_WARN_COMMA = YES;
				CLANG_WARN_CONSTANT_CONVERSION = YES;
				CLANG_WARN_DEPRECATED_OBJC_IMPLEMENTATIONS = YES;
				CLANG_WARN_DIRECT_OBJC_ISA_USAGE = YES_ERROR;
				CLANG_WARN_DOCUMENTATION_COMMENTS = YES;
				CLANG_WARN_EMPTY_BODY = YES;
				CLANG_WARN_ENUM_CONVERSION = YES;
				CLANG_WARN_INFINITE_RECURSION = YES;
				CLANG_WARN_INT_CONVERSION = YES;
				CLANG_WARN_NON_LITERAL_NULL_CONVERSION = YES;
				CLANG_WARN_OBJC_IMPLICIT_RETAIN_SELF = YES;
				CLANG_WARN_OBJC_LITERAL_CONVERSION = YES;
				CLANG_WARN_OBJC_ROOT_CLASS = YES_ERROR;
				CLANG_WARN_QUOTED_INCLUDE_IN_FRAMEWORK_HEADER = YES;
				CLANG_WARN_RANGE_LOOP_ANALYSIS = YES;
				CLANG_WARN_STRICT_PROTOTYPES = YES;
				CLANG_WARN_SUSPICIOUS_MOVE = YES;
				CLANG_WARN_UNGUARDED_AVAILABILITY = YES_AGGRESSIVE;
				CLANG_WARN_UNREACHABLE_CODE = YES;
				CLANG_WARN__DUPLICATE_METHOD_MATCH = YES;
				COPY_PHASE_STRIP = NO;
				DEBUG_INFORMATION_FORMAT = dwarf;
				ENABLE_STRICT_OBJC_MSGSEND = YES;
				ENABLE_TESTABILITY = YES;
				GCC_C_LANGUAGE_STANDARD = gnu11;
				GCC_DYNAMIC_NO_PIC = NO;
				GCC_NO_COMMON_BLOCKS = YES;
				GCC_OPTIMIZATION_LEVEL = 0;
				GCC_PREPROCESSOR_DEFINITIONS = (
					"DEBUG=1",
					"$(inherited)",
				);
				GCC_WARN_64_TO_32_BIT_CONVERSION = YES;
				GCC_WARN_ABOUT_RETURN_TYPE = YES_ERROR;
				GCC_WARN_UNDECLARED_SELECTOR = YES;
				GCC_WARN_UNINITIALIZED_AUTOS = YES_AGGRESSIVE;
				GCC_WARN_UNUSED_FUNCTION = YES;
				GCC_WARN_UNUSED_VARIABLE = YES;
				IPHONEOS_DEPLOYMENT_TARGET = 15.2;
				MTL_ENABLE_DEBUG_INFO = INCLUDE_SOURCE;
				MTL_FAST_MATH = YES;
				ONLY_ACTIVE_ARCH = YES;
				SDKROOT = iphoneos;
				SWIFT_ACTIVE_COMPILATION_CONDITIONS = DEBUG;
				SWIFT_OPTIMIZATION_LEVEL = "-Onone";
			};
			name = Debug;
		};
		84EC112D288888B400AFA6DD /* Release */ = {
			isa = XCBuildConfiguration;
			buildSettings = {
				ALWAYS_SEARCH_USER_PATHS = NO;
				CLANG_ANALYZER_NONNULL = YES;
				CLANG_ANALYZER_NUMBER_OBJECT_CONVERSION = YES_AGGRESSIVE;
				CLANG_CXX_LANGUAGE_STANDARD = "gnu++17";
				CLANG_CXX_LIBRARY = "libc++";
				CLANG_ENABLE_MODULES = YES;
				CLANG_ENABLE_OBJC_ARC = YES;
				CLANG_ENABLE_OBJC_WEAK = YES;
				CLANG_WARN_BLOCK_CAPTURE_AUTORELEASING = YES;
				CLANG_WARN_BOOL_CONVERSION = YES;
				CLANG_WARN_COMMA = YES;
				CLANG_WARN_CONSTANT_CONVERSION = YES;
				CLANG_WARN_DEPRECATED_OBJC_IMPLEMENTATIONS = YES;
				CLANG_WARN_DIRECT_OBJC_ISA_USAGE = YES_ERROR;
				CLANG_WARN_DOCUMENTATION_COMMENTS = YES;
				CLANG_WARN_EMPTY_BODY = YES;
				CLANG_WARN_ENUM_CONVERSION = YES;
				CLANG_WARN_INFINITE_RECURSION = YES;
				CLANG_WARN_INT_CONVERSION = YES;
				CLANG_WARN_NON_LITERAL_NULL_CONVERSION = YES;
				CLANG_WARN_OBJC_IMPLICIT_RETAIN_SELF = YES;
				CLANG_WARN_OBJC_LITERAL_CONVERSION = YES;
				CLANG_WARN_OBJC_ROOT_CLASS = YES_ERROR;
				CLANG_WARN_QUOTED_INCLUDE_IN_FRAMEWORK_HEADER = YES;
				CLANG_WARN_RANGE_LOOP_ANALYSIS = YES;
				CLANG_WARN_STRICT_PROTOTYPES = YES;
				CLANG_WARN_SUSPICIOUS_MOVE = YES;
				CLANG_WARN_UNGUARDED_AVAILABILITY = YES_AGGRESSIVE;
				CLANG_WARN_UNREACHABLE_CODE = YES;
				CLANG_WARN__DUPLICATE_METHOD_MATCH = YES;
				COPY_PHASE_STRIP = NO;
				DEBUG_INFORMATION_FORMAT = "dwarf-with-dsym";
				ENABLE_NS_ASSERTIONS = NO;
				ENABLE_STRICT_OBJC_MSGSEND = YES;
				GCC_C_LANGUAGE_STANDARD = gnu11;
				GCC_NO_COMMON_BLOCKS = YES;
				GCC_WARN_64_TO_32_BIT_CONVERSION = YES;
				GCC_WARN_ABOUT_RETURN_TYPE = YES_ERROR;
				GCC_WARN_UNDECLARED_SELECTOR = YES;
				GCC_WARN_UNINITIALIZED_AUTOS = YES_AGGRESSIVE;
				GCC_WARN_UNUSED_FUNCTION = YES;
				GCC_WARN_UNUSED_VARIABLE = YES;
				IPHONEOS_DEPLOYMENT_TARGET = 15.2;
				MTL_ENABLE_DEBUG_INFO = NO;
				MTL_FAST_MATH = YES;
				SDKROOT = iphoneos;
				SWIFT_COMPILATION_MODE = wholemodule;
				SWIFT_OPTIMIZATION_LEVEL = "-O";
				VALIDATE_PRODUCT = YES;
			};
			name = Release;
		};
		84EC112F288888B400AFA6DD /* Debug */ = {
			isa = XCBuildConfiguration;
			baseConfigurationReference = 477E670EFD38FDB748DBCC4C /* Pods-MoviesInfo.debug.xcconfig */;
			buildSettings = {
				ASSETCATALOG_COMPILER_APPICON_NAME = AppIcon;
				ASSETCATALOG_COMPILER_GLOBAL_ACCENT_COLOR_NAME = AccentColor;
				CODE_SIGN_STYLE = Automatic;
				CURRENT_PROJECT_VERSION = 1;
				GENERATE_INFOPLIST_FILE = YES;
				INFOPLIST_FILE = MoviesInfo/Info.plist;
				INFOPLIST_KEY_UIApplicationSupportsIndirectInputEvents = YES;
				INFOPLIST_KEY_UILaunchStoryboardName = LaunchScreen;
				INFOPLIST_KEY_UIMainStoryboardFile = Main;
				INFOPLIST_KEY_UISupportedInterfaceOrientations_iPad = "UIInterfaceOrientationPortrait UIInterfaceOrientationPortraitUpsideDown UIInterfaceOrientationLandscapeLeft UIInterfaceOrientationLandscapeRight";
				INFOPLIST_KEY_UISupportedInterfaceOrientations_iPhone = "UIInterfaceOrientationPortrait UIInterfaceOrientationLandscapeLeft UIInterfaceOrientationLandscapeRight";
				LD_RUNPATH_SEARCH_PATHS = (
					"$(inherited)",
					"@executable_path/Frameworks",
				);
				MARKETING_VERSION = 1.0;
				PRODUCT_BUNDLE_IDENTIFIER = com.yassir.MoviesInfo;
				PRODUCT_NAME = "$(TARGET_NAME)";
				SWIFT_EMIT_LOC_STRINGS = YES;
				SWIFT_VERSION = 5.0;
				TARGETED_DEVICE_FAMILY = "1,2";
			};
			name = Debug;
		};
		84EC1130288888B400AFA6DD /* Release */ = {
			isa = XCBuildConfiguration;
			baseConfigurationReference = EF8A2C213409539CDD385FB9 /* Pods-MoviesInfo.release.xcconfig */;
			buildSettings = {
				ASSETCATALOG_COMPILER_APPICON_NAME = AppIcon;
				ASSETCATALOG_COMPILER_GLOBAL_ACCENT_COLOR_NAME = AccentColor;
				CODE_SIGN_STYLE = Automatic;
				CURRENT_PROJECT_VERSION = 1;
				GENERATE_INFOPLIST_FILE = YES;
				INFOPLIST_FILE = MoviesInfo/Info.plist;
				INFOPLIST_KEY_UIApplicationSupportsIndirectInputEvents = YES;
				INFOPLIST_KEY_UILaunchStoryboardName = LaunchScreen;
				INFOPLIST_KEY_UIMainStoryboardFile = Main;
				INFOPLIST_KEY_UISupportedInterfaceOrientations_iPad = "UIInterfaceOrientationPortrait UIInterfaceOrientationPortraitUpsideDown UIInterfaceOrientationLandscapeLeft UIInterfaceOrientationLandscapeRight";
				INFOPLIST_KEY_UISupportedInterfaceOrientations_iPhone = "UIInterfaceOrientationPortrait UIInterfaceOrientationLandscapeLeft UIInterfaceOrientationLandscapeRight";
				LD_RUNPATH_SEARCH_PATHS = (
					"$(inherited)",
					"@executable_path/Frameworks",
				);
				MARKETING_VERSION = 1.0;
				PRODUCT_BUNDLE_IDENTIFIER = com.yassir.MoviesInfo;
				PRODUCT_NAME = "$(TARGET_NAME)";
				SWIFT_EMIT_LOC_STRINGS = YES;
				SWIFT_VERSION = 5.0;
				TARGETED_DEVICE_FAMILY = "1,2";
			};
			name = Release;
		};
/* End XCBuildConfiguration section */

/* Begin XCConfigurationList section */
		84EC1115288888B200AFA6DD /* Build configuration list for PBXProject "MoviesInfo" */ = {
			isa = XCConfigurationList;
			buildConfigurations = (
				84EC112C288888B400AFA6DD /* Debug */,
				84EC112D288888B400AFA6DD /* Release */,
			);
			defaultConfigurationIsVisible = 0;
			defaultConfigurationName = Release;
		};
		84EC112E288888B400AFA6DD /* Build configuration list for PBXNativeTarget "MoviesInfo" */ = {
			isa = XCConfigurationList;
			buildConfigurations = (
				84EC112F288888B400AFA6DD /* Debug */,
				84EC1130288888B400AFA6DD /* Release */,
			);
			defaultConfigurationIsVisible = 0;
			defaultConfigurationName = Release;
		};
/* End XCConfigurationList section */
	};
	rootObject = 84EC1112288888B200AFA6DD /* Project object */;
}
